
Microsoft Visual Studio Solution File, Format Version 12.00
# Visual Studio 14
VisualStudioVersion = 14.0.25420.1
MinimumVisualStudioVersion = 10.0.40219.1
Project("{FAE04EC0-301F-11D3-BF4B-00C04F79EFBC}") = "Snapper", "Snapper\Snapper.csproj", "{CC923889-1E8D-475C-B709-6E4D5ABE6330}"
EndProject
Project("{FAE04EC0-301F-11D3-BF4B-00C04F79EFBC}") = "Snapper.API", "SnapperApi\Snapper.API.csproj", "{37B4C7AD-3BB5-4423-9CA9-3E33EE03C565}"
EndProject
Global
	GlobalSection(SolutionConfigurationPlatforms) = preSolution
		Debug|Any CPU = Debug|Any CPU
		Debug|ARM = Debug|ARM
		Debug|x64 = Debug|x64
		Debug|x86 = Debug|x86
		Release|Any CPU = Release|Any CPU
		Release|ARM = Release|ARM
		Release|x64 = Release|x64
		Release|x86 = Release|x86
	EndGlobalSection
	GlobalSection(ProjectConfigurationPlatforms) = postSolution
		{CC923889-1E8D-475C-B709-6E4D5ABE6330}.Debug|Any CPU.ActiveCfg = Debug|x86
		{CC923889-1E8D-475C-B709-6E4D5ABE6330}.Debug|ARM.ActiveCfg = Debug|ARM
		{CC923889-1E8D-475C-B709-6E4D5ABE6330}.Debug|ARM.Build.0 = Debug|ARM
		{CC923889-1E8D-475C-B709-6E4D5ABE6330}.Debug|ARM.Deploy.0 = Debug|ARM
		{CC923889-1E8D-475C-B709-6E4D5ABE6330}.Debug|x64.ActiveCfg = Debug|x64
		{CC923889-1E8D-475C-B709-6E4D5ABE6330}.Debug|x64.Build.0 = Debug|x64
		{CC923889-1E8D-475C-B709-6E4D5ABE6330}.Debug|x64.Deploy.0 = Debug|x64
		{CC923889-1E8D-475C-B709-6E4D5ABE6330}.Debug|x86.ActiveCfg = Debug|x86
		{CC923889-1E8D-475C-B709-6E4D5ABE6330}.Debug|x86.Build.0 = Debug|x86
		{CC923889-1E8D-475C-B709-6E4D5ABE6330}.Debug|x86.Deploy.0 = Debug|x86
		{CC923889-1E8D-475C-B709-6E4D5ABE6330}.Release|Any CPU.ActiveCfg = Release|x86
		{CC923889-1E8D-475C-B709-6E4D5ABE6330}.Release|ARM.ActiveCfg = Release|ARM
		{CC923889-1E8D-475C-B709-6E4D5ABE6330}.Release|ARM.Build.0 = Release|ARM
		{CC923889-1E8D-475C-B709-6E4D5ABE6330}.Release|ARM.Deploy.0 = Release|ARM
		{CC923889-1E8D-475C-B709-6E4D5ABE6330}.Release|x64.ActiveCfg = Release|x64
		{CC923889-1E8D-475C-B709-6E4D5ABE6330}.Release|x64.Build.0 = Release|x64
		{CC923889-1E8D-475C-B709-6E4D5ABE6330}.Release|x64.Deploy.0 = Release|x64
		{CC923889-1E8D-475C-B709-6E4D5ABE6330}.Release|x86.ActiveCfg = Release|x86
		{CC923889-1E8D-475C-B709-6E4D5ABE6330}.Release|x86.Build.0 = Release|x86
		{CC923889-1E8D-475C-B709-6E4D5ABE6330}.Release|x86.Deploy.0 = Release|x86
		{37B4C7AD-3BB5-4423-9CA9-3E33EE03C565}.Debug|Any CPU.ActiveCfg = Debug|Any CPU
		{37B4C7AD-3BB5-4423-9CA9-3E33EE03C565}.Debug|Any CPU.Build.0 = Debug|Any CPU
		{37B4C7AD-3BB5-4423-9CA9-3E33EE03C565}.Debug|ARM.ActiveCfg = Debug|ARM
		{37B4C7AD-3BB5-4423-9CA9-3E33EE03C565}.Debug|ARM.Build.0 = Debug|ARM
		{37B4C7AD-3BB5-4423-9CA9-3E33EE03C565}.Debug|x64.ActiveCfg = Debug|x64
		{37B4C7AD-3BB5-4423-9CA9-3E33EE03C565}.Debug|x64.Build.0 = Debug|x64
		{37B4C7AD-3BB5-4423-9CA9-3E33EE03C565}.Debug|x86.ActiveCfg = Debug|x86
		{37B4C7AD-3BB5-4423-9CA9-3E33EE03C565}.Debug|x86.Build.0 = Debug|x86
		{37B4C7AD-3BB5-4423-9CA9-3E33EE03C565}.Release|Any CPU.ActiveCfg = Release|Any CPU
		{37B4C7AD-3BB5-4423-9CA9-3E33EE03C565}.Release|Any CPU.Build.0 = Release|Any CPU
		{37B4C7AD-3BB5-4423-9CA9-3E33EE03C565}.Release|ARM.ActiveCfg = Release|ARM
		{37B4C7AD-3BB5-4423-9CA9-3E33EE03C565}.Release|ARM.Build.0 = Release|ARM
		{37B4C7AD-3BB5-4423-9CA9-3E33EE03C565}.Release|x64.ActiveCfg = Release|x64
		{37B4C7AD-3BB5-4423-9CA9-3E33EE03C565}.Release|x64.Build.0 = Release|x64
		{37B4C7AD-3BB5-4423-9CA9-3E33EE03C565}.Release|x86.ActiveCfg = Release|x86
		{37B4C7AD-3BB5-4423-9CA9-3E33EE03C565}.Release|x86.Build.0 = Release|x86
	EndGlobalSection
	GlobalSection(SolutionProperties) = preSolution
		HideSolutionNode = FALSE
	EndGlobalSection
EndGlobal
